
Microsoft Visual Studio Solution File, Format Version 12.00
# Visual Studio Version 17
VisualStudioVersion = 17.9.34622.214
MinimumVisualStudioVersion = 10.0.40219.1
Project("{FAE04EC0-301F-11D3-BF4B-00C04F79EFBC}") = "SimioToFastAPI", "SimioToFastAPI\SimioToFastAPI.csproj", "{1DC5E58E-14BA-42E6-BD89-ECB37F4A9D4A}"
EndProject
Global
	GlobalSection(SolutionConfigurationPlatforms) = preSolution
		Debug|Any CPU = Debug|Any CPU
		Release|Any CPU = Release|Any CPU
	EndGlobalSection
	GlobalSection(ProjectConfigurationPlatforms) = postSolution
		{1DC5E58E-14BA-42E6-BD89-ECB37F4A9D4A}.Debug|Any CPU.ActiveCfg = Debug|Any CPU
		{1DC5E58E-14BA-42E6-BD89-ECB37F4A9D4A}.Debug|Any CPU.Build.0 = Debug|Any CPU
		{1DC5E58E-14BA-42E6-BD89-ECB37F4A9D4A}.Release|Any CPU.ActiveCfg = Release|Any CPU
		{1DC5E58E-14BA-42E6-BD89-ECB37F4A9D4A}.Release|Any CPU.Build.0 = Release|Any CPU
	EndGlobalSection
	GlobalSection(SolutionProperties) = preSolution
		HideSolutionNode = FALSE
	EndGlobalSection
	GlobalSection(ExtensibilityGlobals) = postSolution
		SolutionGuid = {7A873A7D-3E3F-4706-B2D2-2D1DF5C1E7E4}
	EndGlobalSection
EndGlobal
